
Microsoft Visual Studio Solution File, Format Version 12.00
# Visual Studio 15
Project("{FAE04EC0-301F-11D3-BF4B-00C04F79EFBC}") = "EscapePatrol", "EscapePatrol.csproj", "{82BBEFB8-8A08-3469-0605-EA74A40F36C1}"
EndProject
Global
	GlobalSection(SolutionConfigurationPlatforms) = preSolution
		Debug|Any CPU = Debug|Any CPU
		Release|Any CPU = Release|Any CPU
	EndGlobalSection
	GlobalSection(ProjectConfigurationPlatforms) = postSolution
		{82BBEFB8-8A08-3469-0605-EA74A40F36C1}.Debug|Any CPU.ActiveCfg = Debug|Any CPU
		{82BBEFB8-8A08-3469-0605-EA74A40F36C1}.Debug|Any CPU.Build.0 = Debug|Any CPU
		{82BBEFB8-8A08-3469-0605-EA74A40F36C1}.Release|Any CPU.ActiveCfg = Release|Any CPU
		{82BBEFB8-8A08-3469-0605-EA74A40F36C1}.Release|Any CPU.Build.0 = Release|Any CPU
	EndGlobalSection
	GlobalSection(SolutionProperties) = preSolution
		HideSolutionNode = FALSE
	EndGlobalSection
EndGlobal
