
Microsoft Visual Studio Solution File, Format Version 12.00
# Visual Studio 15
Project("{FAE04EC0-301F-11D3-BF4B-00C04F79EFBC}") = "ScrollView", "Assembly-CSharp.csproj", "{5918DA41-3100-BA84-4360-363BA1F50E63}"
EndProject
Global
	GlobalSection(SolutionConfigurationPlatforms) = preSolution
		Debug|Any CPU = Debug|Any CPU
		Release|Any CPU = Release|Any CPU
	EndGlobalSection
	GlobalSection(ProjectConfigurationPlatforms) = postSolution
		{5918DA41-3100-BA84-4360-363BA1F50E63}.Debug|Any CPU.ActiveCfg = Debug|Any CPU
		{5918DA41-3100-BA84-4360-363BA1F50E63}.Debug|Any CPU.Build.0 = Debug|Any CPU
		{5918DA41-3100-BA84-4360-363BA1F50E63}.Release|Any CPU.ActiveCfg = Release|Any CPU
		{5918DA41-3100-BA84-4360-363BA1F50E63}.Release|Any CPU.Build.0 = Release|Any CPU
	EndGlobalSection
	GlobalSection(SolutionProperties) = preSolution
		HideSolutionNode = FALSE
	EndGlobalSection
EndGlobal
